
Microsoft Visual Studio Solution File, Format Version 12.00
Project("{FAE04EC0-301F-11D3-BF4B-00C04F79EFBC}") = "Whatever.EventLike.Api", "Whatever.EventLike.Api\Whatever.EventLike.Api.csproj", "{1B57D648-A9D4-48FB-90BE-2E89067D4546}"
EndProject
Project("{FAE04EC0-301F-11D3-BF4B-00C04F79EFBC}") = "Whatever.EventLike.Application", "Whatever.EventLike.Application\Whatever.EventLike.Application.csproj", "{9FCC3174-A6FF-48E8-A5C3-388D1FC2AB5C}"
EndProject
Global
	GlobalSection(SolutionConfigurationPlatforms) = preSolution
		Debug|Any CPU = Debug|Any CPU
		Release|Any CPU = Release|Any CPU
	EndGlobalSection
	GlobalSection(ProjectConfigurationPlatforms) = postSolution
		{1B57D648-A9D4-48FB-90BE-2E89067D4546}.Debug|Any CPU.ActiveCfg = Debug|Any CPU
		{1B57D648-A9D4-48FB-90BE-2E89067D4546}.Debug|Any CPU.Build.0 = Debug|Any CPU
		{1B57D648-A9D4-48FB-90BE-2E89067D4546}.Release|Any CPU.ActiveCfg = Release|Any CPU
		{1B57D648-A9D4-48FB-90BE-2E89067D4546}.Release|Any CPU.Build.0 = Release|Any CPU
		{9FCC3174-A6FF-48E8-A5C3-388D1FC2AB5C}.Debug|Any CPU.ActiveCfg = Debug|Any CPU
		{9FCC3174-A6FF-48E8-A5C3-388D1FC2AB5C}.Debug|Any CPU.Build.0 = Debug|Any CPU
		{9FCC3174-A6FF-48E8-A5C3-388D1FC2AB5C}.Release|Any CPU.ActiveCfg = Release|Any CPU
		{9FCC3174-A6FF-48E8-A5C3-388D1FC2AB5C}.Release|Any CPU.Build.0 = Release|Any CPU
	EndGlobalSection
EndGlobal
